
Microsoft Visual Studio Solution File, Format Version 12.00
# Visual Studio Version 17
VisualStudioVersion = 17.5.33424.131
MinimumVisualStudioVersion = 10.0.40219.1
Project("{FAE04EC0-301F-11D3-BF4B-00C04F79EFBC}") = "Subscription.API", "Services\Subscription\Subscription.API\Subscription.API.csproj", "{379982F6-4DDB-4D56-9763-CA9EBAE6BE93}"
EndProject
Project("{2150E333-8FDC-42A3-9474-1A3956D46DE8}") = "Services", "Services", "{620103A3-7783-4B9F-82B6-E348504B6433}"
EndProject
Project("{2150E333-8FDC-42A3-9474-1A3956D46DE8}") = "Subscription", "Subscription", "{E874ECD5-C184-48E1-800C-87DF88B70045}"
EndProject
Project("{FAE04EC0-301F-11D3-BF4B-00C04F79EFBC}") = "Subscription.Application", "Services\Subscription\Subscription.Application\Subscription.Application.csproj", "{E689B5D1-48B3-4730-A3DB-D2FDF91C1D51}"
EndProject
Project("{FAE04EC0-301F-11D3-BF4B-00C04F79EFBC}") = "Subscription.Infrastructure", "Services\Subscription\Subscription.Infrastructure\Subscription.Infrastructure.csproj", "{8719CD93-BDFE-4ACC-91CA-45F3321EE3CE}"
EndProject
Project("{2150E333-8FDC-42A3-9474-1A3956D46DE8}") = "BuildingBlocks", "BuildingBlocks", "{1413CFEC-0824-4F1C-AB65-98D48C82CCAF}"
EndProject
Project("{FAE04EC0-301F-11D3-BF4B-00C04F79EFBC}") = "EventBus.Messages", "BuildingBlocks\EventBus.Messages\EventBus.Messages.csproj", "{C7051A66-0048-4F63-9EBF-09B8910024CF}"
EndProject
Global
	GlobalSection(SolutionConfigurationPlatforms) = preSolution
		Debug|Any CPU = Debug|Any CPU
		Release|Any CPU = Release|Any CPU
	EndGlobalSection
	GlobalSection(ProjectConfigurationPlatforms) = postSolution
		{379982F6-4DDB-4D56-9763-CA9EBAE6BE93}.Debug|Any CPU.ActiveCfg = Debug|Any CPU
		{379982F6-4DDB-4D56-9763-CA9EBAE6BE93}.Debug|Any CPU.Build.0 = Debug|Any CPU
		{379982F6-4DDB-4D56-9763-CA9EBAE6BE93}.Release|Any CPU.ActiveCfg = Release|Any CPU
		{379982F6-4DDB-4D56-9763-CA9EBAE6BE93}.Release|Any CPU.Build.0 = Release|Any CPU
		{E689B5D1-48B3-4730-A3DB-D2FDF91C1D51}.Debug|Any CPU.ActiveCfg = Debug|Any CPU
		{E689B5D1-48B3-4730-A3DB-D2FDF91C1D51}.Debug|Any CPU.Build.0 = Debug|Any CPU
		{E689B5D1-48B3-4730-A3DB-D2FDF91C1D51}.Release|Any CPU.ActiveCfg = Release|Any CPU
		{E689B5D1-48B3-4730-A3DB-D2FDF91C1D51}.Release|Any CPU.Build.0 = Release|Any CPU
		{8719CD93-BDFE-4ACC-91CA-45F3321EE3CE}.Debug|Any CPU.ActiveCfg = Debug|Any CPU
		{8719CD93-BDFE-4ACC-91CA-45F3321EE3CE}.Debug|Any CPU.Build.0 = Debug|Any CPU
		{8719CD93-BDFE-4ACC-91CA-45F3321EE3CE}.Release|Any CPU.ActiveCfg = Release|Any CPU
		{8719CD93-BDFE-4ACC-91CA-45F3321EE3CE}.Release|Any CPU.Build.0 = Release|Any CPU
		{C7051A66-0048-4F63-9EBF-09B8910024CF}.Debug|Any CPU.ActiveCfg = Debug|Any CPU
		{C7051A66-0048-4F63-9EBF-09B8910024CF}.Debug|Any CPU.Build.0 = Debug|Any CPU
		{C7051A66-0048-4F63-9EBF-09B8910024CF}.Release|Any CPU.ActiveCfg = Release|Any CPU
		{C7051A66-0048-4F63-9EBF-09B8910024CF}.Release|Any CPU.Build.0 = Release|Any CPU
	EndGlobalSection
	GlobalSection(SolutionProperties) = preSolution
		HideSolutionNode = FALSE
	EndGlobalSection
	GlobalSection(NestedProjects) = preSolution
		{379982F6-4DDB-4D56-9763-CA9EBAE6BE93} = {E874ECD5-C184-48E1-800C-87DF88B70045}
		{E874ECD5-C184-48E1-800C-87DF88B70045} = {620103A3-7783-4B9F-82B6-E348504B6433}
		{E689B5D1-48B3-4730-A3DB-D2FDF91C1D51} = {E874ECD5-C184-48E1-800C-87DF88B70045}
		{8719CD93-BDFE-4ACC-91CA-45F3321EE3CE} = {E874ECD5-C184-48E1-800C-87DF88B70045}
		{C7051A66-0048-4F63-9EBF-09B8910024CF} = {1413CFEC-0824-4F1C-AB65-98D48C82CCAF}
	EndGlobalSection
	GlobalSection(ExtensibilityGlobals) = postSolution
		SolutionGuid = {F35281F3-7872-484A-A7FE-2D4F811B68CB}
	EndGlobalSection
EndGlobal
